
Microsoft Visual Studio Solution File, Format Version 12.00
# Visual Studio Version 16
VisualStudioVersion = 16.0.34114.132
MinimumVisualStudioVersion = 10.0.40219.1
Project("{8BC9CEB8-8B4A-11D0-8D11-00A0C91BC942}") = "StatusServer01", "StatusServer01.vcxproj", "{926142E9-97A0-4E6B-AD25-64228E7F778A}"
EndProject
Global
	GlobalSection(SolutionConfigurationPlatforms) = preSolution
		Debug|x64 = Debug|x64
		Debug|x86 = Debug|x86
		Release|x64 = Release|x64
		Release|x86 = Release|x86
	EndGlobalSection
	GlobalSection(ProjectConfigurationPlatforms) = postSolution
		{926142E9-97A0-4E6B-AD25-64228E7F778A}.Debug|x64.ActiveCfg = Debug|x64
		{926142E9-97A0-4E6B-AD25-64228E7F778A}.Debug|x64.Build.0 = Debug|x64
		{926142E9-97A0-4E6B-AD25-64228E7F778A}.Debug|x86.ActiveCfg = Debug|Win32
		{926142E9-97A0-4E6B-AD25-64228E7F778A}.Debug|x86.Build.0 = Debug|Win32
		{926142E9-97A0-4E6B-AD25-64228E7F778A}.Release|x64.ActiveCfg = Release|x64
		{926142E9-97A0-4E6B-AD25-64228E7F778A}.Release|x64.Build.0 = Release|x64
		{926142E9-97A0-4E6B-AD25-64228E7F778A}.Release|x86.ActiveCfg = Release|Win32
		{926142E9-97A0-4E6B-AD25-64228E7F778A}.Release|x86.Build.0 = Release|Win32
	EndGlobalSection
	GlobalSection(SolutionProperties) = preSolution
		HideSolutionNode = FALSE
	EndGlobalSection
	GlobalSection(ExtensibilityGlobals) = postSolution
		SolutionGuid = {E8573BDA-6025-4972-9634-D1CCF4F6C2A3}
	EndGlobalSection
EndGlobal
